
Microsoft Visual Studio Solution File, Format Version 12.00
# Visual Studio Version 16
VisualStudioVersion = 16.0.30330.147
MinimumVisualStudioVersion = 15.0.26124.0
Project("{9A19103F-16F7-4668-BE54-9A1E7A4F7556}") = "typelog-aggregator", "typelog-aggregator\typelog-aggregator.csproj", "{5577ECC3-67F9-448F-B1B6-80BAD9C97705}"
EndProject
Global
	GlobalSection(SolutionConfigurationPlatforms) = preSolution
		Debug|Any CPU = Debug|Any CPU
		Debug|x64 = Debug|x64
		Debug|x86 = Debug|x86
		Release|Any CPU = Release|Any CPU
		Release|x64 = Release|x64
		Release|x86 = Release|x86
	EndGlobalSection
	GlobalSection(ProjectConfigurationPlatforms) = postSolution
		{5577ECC3-67F9-448F-B1B6-80BAD9C97705}.Debug|Any CPU.ActiveCfg = Debug|Any CPU
		{5577ECC3-67F9-448F-B1B6-80BAD9C97705}.Debug|Any CPU.Build.0 = Debug|Any CPU
		{5577ECC3-67F9-448F-B1B6-80BAD9C97705}.Debug|x64.ActiveCfg = Debug|Any CPU
		{5577ECC3-67F9-448F-B1B6-80BAD9C97705}.Debug|x64.Build.0 = Debug|Any CPU
		{5577ECC3-67F9-448F-B1B6-80BAD9C97705}.Debug|x86.ActiveCfg = Debug|Any CPU
		{5577ECC3-67F9-448F-B1B6-80BAD9C97705}.Debug|x86.Build.0 = Debug|Any CPU
		{5577ECC3-67F9-448F-B1B6-80BAD9C97705}.Release|Any CPU.ActiveCfg = Release|Any CPU
		{5577ECC3-67F9-448F-B1B6-80BAD9C97705}.Release|Any CPU.Build.0 = Release|Any CPU
		{5577ECC3-67F9-448F-B1B6-80BAD9C97705}.Release|x64.ActiveCfg = Release|Any CPU
		{5577ECC3-67F9-448F-B1B6-80BAD9C97705}.Release|x64.Build.0 = Release|Any CPU
		{5577ECC3-67F9-448F-B1B6-80BAD9C97705}.Release|x86.ActiveCfg = Release|Any CPU
		{5577ECC3-67F9-448F-B1B6-80BAD9C97705}.Release|x86.Build.0 = Release|Any CPU
	EndGlobalSection
	GlobalSection(SolutionProperties) = preSolution
		HideSolutionNode = FALSE
	EndGlobalSection
	GlobalSection(ExtensibilityGlobals) = postSolution
		SolutionGuid = {09A06384-60EF-4D5B-8A3F-24749F733773}
	EndGlobalSection
EndGlobal
