
Microsoft Visual Studio Solution File, Format Version 12.00
# Visual Studio Version 16
VisualStudioVersion = 16.0.30330.147
MinimumVisualStudioVersion = 15.0.26124.0
Project("{9A19103F-16F7-4668-BE54-9A1E7A4F7556}") = "TypeAggregator", "TypeAggregator\TypeAggregator.csproj", "{CAA12ADA-F5D9-4064-B15A-5B92C223CDAC}"
EndProject
Project("{FAE04EC0-301F-11D3-BF4B-00C04F79EFBC}") = "TypeAggregator.Test", "TypeAggregator.Test\TypeAggregator.Test.csproj", "{1363F285-8D90-4D16-AD68-018F14F3B1E1}"
EndProject
Global
	GlobalSection(SolutionConfigurationPlatforms) = preSolution
		Debug|Any CPU = Debug|Any CPU
		Release|Any CPU = Release|Any CPU
	EndGlobalSection
	GlobalSection(ProjectConfigurationPlatforms) = postSolution
		{CAA12ADA-F5D9-4064-B15A-5B92C223CDAC}.Debug|Any CPU.ActiveCfg = Debug|Any CPU
		{CAA12ADA-F5D9-4064-B15A-5B92C223CDAC}.Debug|Any CPU.Build.0 = Debug|Any CPU
		{CAA12ADA-F5D9-4064-B15A-5B92C223CDAC}.Release|Any CPU.ActiveCfg = Release|Any CPU
		{CAA12ADA-F5D9-4064-B15A-5B92C223CDAC}.Release|Any CPU.Build.0 = Release|Any CPU
		{1363F285-8D90-4D16-AD68-018F14F3B1E1}.Debug|Any CPU.ActiveCfg = Debug|Any CPU
		{1363F285-8D90-4D16-AD68-018F14F3B1E1}.Debug|Any CPU.Build.0 = Debug|Any CPU
		{1363F285-8D90-4D16-AD68-018F14F3B1E1}.Release|Any CPU.ActiveCfg = Release|Any CPU
		{1363F285-8D90-4D16-AD68-018F14F3B1E1}.Release|Any CPU.Build.0 = Release|Any CPU
	EndGlobalSection
	GlobalSection(SolutionProperties) = preSolution
		HideSolutionNode = FALSE
	EndGlobalSection
	GlobalSection(ExtensibilityGlobals) = postSolution
		SolutionGuid = {09A06384-60EF-4D5B-8A3F-24749F733773}
	EndGlobalSection
EndGlobal
